
Microsoft Visual Studio Solution File, Format Version 12.00
# Visual Studio Version 17
VisualStudioVersion = 17.3.32825.248
MinimumVisualStudioVersion = 10.0.40219.1
Project("{FAE04EC0-301F-11D3-BF4B-00C04F79EFBC}") = "SqlServerVsRedis", "SqlServerVsRedis\SqlServerVsRedis.csproj", "{3246ACE1-204B-4753-8E51-923934A538C5}"
EndProject
Global
	GlobalSection(SolutionConfigurationPlatforms) = preSolution
		Debug|Any CPU = Debug|Any CPU
		Release|Any CPU = Release|Any CPU
	EndGlobalSection
	GlobalSection(ProjectConfigurationPlatforms) = postSolution
		{3246ACE1-204B-4753-8E51-923934A538C5}.Debug|Any CPU.ActiveCfg = Debug|Any CPU
		{3246ACE1-204B-4753-8E51-923934A538C5}.Debug|Any CPU.Build.0 = Debug|Any CPU
		{3246ACE1-204B-4753-8E51-923934A538C5}.Release|Any CPU.ActiveCfg = Release|Any CPU
		{3246ACE1-204B-4753-8E51-923934A538C5}.Release|Any CPU.Build.0 = Release|Any CPU
	EndGlobalSection
	GlobalSection(SolutionProperties) = preSolution
		HideSolutionNode = FALSE
	EndGlobalSection
	GlobalSection(ExtensibilityGlobals) = postSolution
		SolutionGuid = {D66EA86F-1A56-4311-9D84-7368B5FE1F8C}
	EndGlobalSection
EndGlobal
